
Microsoft Visual Studio Solution File, Format Version 12.00
# Visual Studio 15
VisualStudioVersion = 15.0.27130.2010
MinimumVisualStudioVersion = 10.0.40219.1
Project("{FAE04EC0-301F-11D3-BF4B-00C04F79EFBC}") = "ActivityTracker.SqlServerProvider", "ActivityTracker.SqlServerProvider\ActivityTracker.SqlServerProvider.csproj", "{16C04ABB-6EF7-4C8B-A6AD-5E6F00F2C3CE}"
EndProject
Project("{FAE04EC0-301F-11D3-BF4B-00C04F79EFBC}") = "ActivityTracker", "ActivityTracker\ActivityTracker.csproj", "{F4C0C396-23F5-4742-AD05-4136991CBEB2}"
EndProject
Project("{2150E333-8FDC-42A3-9474-1A3956D46DE8}") = "Files", "Files", "{16CAA5E1-D7BD-4386-947F-443CF64A7A1E}"
	ProjectSection(SolutionItems) = preProject
		Files\codemap.png = Files\codemap.png
	EndProjectSection
EndProject
Project("{2150E333-8FDC-42A3-9474-1A3956D46DE8}") = "Solution Items", "Solution Items", "{8B7A00EA-9797-412A-9FCF-DF7B98E24500}"
	ProjectSection(SolutionItems) = preProject
		README.md = README.md
	EndProjectSection
EndProject
Project("{FAE04EC0-301F-11D3-BF4B-00C04F79EFBC}") = "ActivityTracker.LogFileProvider", "ActivityTracker.LogFileProvider\ActivityTracker.LogFileProvider.csproj", "{C2FD3CCD-AE8E-45B5-8EC2-8D66208D908C}"
EndProject
Global
	GlobalSection(SolutionConfigurationPlatforms) = preSolution
		Debug|Any CPU = Debug|Any CPU
		Release|Any CPU = Release|Any CPU
	EndGlobalSection
	GlobalSection(ProjectConfigurationPlatforms) = postSolution
		{16C04ABB-6EF7-4C8B-A6AD-5E6F00F2C3CE}.Debug|Any CPU.ActiveCfg = Debug|Any CPU
		{16C04ABB-6EF7-4C8B-A6AD-5E6F00F2C3CE}.Debug|Any CPU.Build.0 = Debug|Any CPU
		{16C04ABB-6EF7-4C8B-A6AD-5E6F00F2C3CE}.Release|Any CPU.ActiveCfg = Release|Any CPU
		{16C04ABB-6EF7-4C8B-A6AD-5E6F00F2C3CE}.Release|Any CPU.Build.0 = Release|Any CPU
		{F4C0C396-23F5-4742-AD05-4136991CBEB2}.Debug|Any CPU.ActiveCfg = Debug|Any CPU
		{F4C0C396-23F5-4742-AD05-4136991CBEB2}.Debug|Any CPU.Build.0 = Debug|Any CPU
		{F4C0C396-23F5-4742-AD05-4136991CBEB2}.Release|Any CPU.ActiveCfg = Release|Any CPU
		{F4C0C396-23F5-4742-AD05-4136991CBEB2}.Release|Any CPU.Build.0 = Release|Any CPU
		{C2FD3CCD-AE8E-45B5-8EC2-8D66208D908C}.Debug|Any CPU.ActiveCfg = Debug|Any CPU
		{C2FD3CCD-AE8E-45B5-8EC2-8D66208D908C}.Debug|Any CPU.Build.0 = Debug|Any CPU
		{C2FD3CCD-AE8E-45B5-8EC2-8D66208D908C}.Release|Any CPU.ActiveCfg = Release|Any CPU
		{C2FD3CCD-AE8E-45B5-8EC2-8D66208D908C}.Release|Any CPU.Build.0 = Release|Any CPU
	EndGlobalSection
	GlobalSection(SolutionProperties) = preSolution
		HideSolutionNode = FALSE
	EndGlobalSection
	GlobalSection(ExtensibilityGlobals) = postSolution
		SolutionGuid = {416789BA-3C25-489D-AA26-7801D386803B}
	EndGlobalSection
EndGlobal
